
Microsoft Visual Studio Solution File, Format Version 12.00
# Visual Studio Version 17
VisualStudioVersion = 17.8.34330.188
MinimumVisualStudioVersion = 10.0.40219.1
Project("{FAE04EC0-301F-11D3-BF4B-00C04F79EFBC}") = "labVA4", "labVA4\labVA4.csproj", "{7C061B30-EE6A-41A5-BD35-4FAD04DB3B18}"
EndProject
Global
	GlobalSection(SolutionConfigurationPlatforms) = preSolution
		Debug|Any CPU = Debug|Any CPU
		Release|Any CPU = Release|Any CPU
	EndGlobalSection
	GlobalSection(ProjectConfigurationPlatforms) = postSolution
		{7C061B30-EE6A-41A5-BD35-4FAD04DB3B18}.Debug|Any CPU.ActiveCfg = Debug|Any CPU
		{7C061B30-EE6A-41A5-BD35-4FAD04DB3B18}.Debug|Any CPU.Build.0 = Debug|Any CPU
		{7C061B30-EE6A-41A5-BD35-4FAD04DB3B18}.Release|Any CPU.ActiveCfg = Release|Any CPU
		{7C061B30-EE6A-41A5-BD35-4FAD04DB3B18}.Release|Any CPU.Build.0 = Release|Any CPU
	EndGlobalSection
	GlobalSection(SolutionProperties) = preSolution
		HideSolutionNode = FALSE
	EndGlobalSection
	GlobalSection(ExtensibilityGlobals) = postSolution
		SolutionGuid = {21E64D10-B963-44AB-9F2D-788B479C0BA2}
	EndGlobalSection
EndGlobal
